version = 1
requires-python = ">=3.13"

[[package]]
name = "firmware"
version = "0.1.0"
source = { editable = "." }
dependencies = [
    { name = "mpremote" },
    { name = "pyserial" },
]

[package.metadata]
requires-dist = [
    { name = "mpremote", specifier = ">=1.25.0" },
    { name = "pyserial", specifier = ">=3.5" },
]

[[package]]
name = "mpremote"
version = "1.26.0"
source = { registry = "https://pypi.org/simple" }
dependencies = [
    { name = "platformdirs" },
    { name = "pyserial" },
]
sdist = { url = "https://files.pythonhosted.org/packages/a1/f4/b63592bad49d61f0e79ca58d151eb914f1a3f716e606f436352ee5a1ff94/mpremote-1.26.0.tar.gz", hash = "sha256:7f347318fb6d3bb8f89401d399a05efba39b51c74f747cebe92d3c6a9a4ee0b4", size = 31253 }
wheels = [
    { url = "https://files.pythonhosted.org/packages/43/b5/de593501558a94a4e08d0a7101019f0951cea83d445aae5ea86283cc8ec2/mpremote-1.26.0-py3-none-any.whl", hash = "sha256:daed9b795fdf98edb0c9c4f7f892bf66f075ec5e728bdcc4ab0915abf23d5d17", size = 35913 },
]

[[package]]
name = "platformdirs"
version = "4.4.0"
source = { registry = "https://pypi.org/simple" }
sdist = { url = "https://files.pythonhosted.org/packages/23/e8/21db9c9987b0e728855bd57bff6984f67952bea55d6f75e055c46b5383e8/platformdirs-4.4.0.tar.gz", hash = "sha256:ca753cf4d81dc309bc67b0ea38fd15dc97bc30ce419a7f58d13eb3bf14c4febf", size = 21634 }
wheels = [
    { url = "https://files.pythonhosted.org/packages/40/4b/2028861e724d3bd36227adfa20d3fd24c3fc6d52032f4a93c133be5d17ce/platformdirs-4.4.0-py3-none-any.whl", hash = "sha256:abd01743f24e5287cd7a5db3752faf1a2d65353f38ec26d98e25a6db65958c85", size = 18654 },
]

[[package]]
name = "pyserial"
version = "3.5"
source = { registry = "https://pypi.org/simple" }
sdist = { url = "https://files.pythonhosted.org/packages/1e/7d/ae3f0a63f41e4d2f6cb66a5b57197850f919f59e558159a4dd3a818f5082/pyserial-3.5.tar.gz", hash = "sha256:3c77e014170dfffbd816e6ffc205e9842efb10be9f58ec16d3e8675b4925cddb", size = 159125 }
wheels = [
    { url = "https://files.pythonhosted.org/packages/07/bc/587a445451b253b285629263eb51c2d8e9bcea4fc97826266d186f96f558/pyserial-3.5-py2.py3-none-any.whl", hash = "sha256:c4451db6ba391ca6ca299fb3ec7bae67a5c55dde170964c7a14ceefec02f2cf0", size = 90585 },
]
